dependencies:
- name: mariadb
  repository: https://charts.bitnami.com/bitnami
  version: 9.6.3
- name: memcached
  repository: https://charts.bitnami.com/bitnami
  version: 5.15.7
- name: redis
  repository: https://charts.bitnami.com/bitnami
  version: 15.5.1
digest: sha256:c72ce140fc9053f84d0b749ef632177d94073e4680b5794898c899d0c4db3399
generated: "2021-11-07T21:02:41.998229-08:00"
